
Microsoft Visual Studio Solution File, Format Version 12.00
# Visual Studio Version 16
VisualStudioVersion = 16.0.31105.61
MinimumVisualStudioVersion = 10.0.40219.1
Project("{FAE04EC0-301F-11D3-BF4B-00C04F79EFBC}") = "72.Hour.API", "72.Hour.API\72.Hour.API.csproj", "{A39FB019-2F33-4538-A2D4-0F883CA90137}"
EndProject
Project("{FAE04EC0-301F-11D3-BF4B-00C04F79EFBC}") = "72.Hour.Data", "72.Hour.Data\72.Hour.Data.csproj", "{57AE08E1-A7D3-4F03-B187-48B3F3AC9216}"
EndProject
Project("{FAE04EC0-301F-11D3-BF4B-00C04F79EFBC}") = "72.Hour.Service", "72.Hour.Service\72.Hour.Service.csproj", "{A7C14E93-A091-421C-AEE6-74D2586BE12F}"
EndProject
Project("{FAE04EC0-301F-11D3-BF4B-00C04F79EFBC}") = "72.Hour.Models", "72.Hour.Models\72.Hour.Models.csproj", "{1A5A289E-B683-4A76-9D61-8B026DA8363D}"
EndProject
Global
	GlobalSection(SolutionConfigurationPlatforms) = preSolution
		Debug|Any CPU = Debug|Any CPU
		Release|Any CPU = Release|Any CPU
	EndGlobalSection
	GlobalSection(ProjectConfigurationPlatforms) = postSolution
		{A39FB019-2F33-4538-A2D4-0F883CA90137}.Debug|Any CPU.ActiveCfg = Debug|Any CPU
		{A39FB019-2F33-4538-A2D4-0F883CA90137}.Debug|Any CPU.Build.0 = Debug|Any CPU
		{A39FB019-2F33-4538-A2D4-0F883CA90137}.Release|Any CPU.ActiveCfg = Release|Any CPU
		{A39FB019-2F33-4538-A2D4-0F883CA90137}.Release|Any CPU.Build.0 = Release|Any CPU
		{57AE08E1-A7D3-4F03-B187-48B3F3AC9216}.Debug|Any CPU.ActiveCfg = Debug|Any CPU
		{57AE08E1-A7D3-4F03-B187-48B3F3AC9216}.Debug|Any CPU.Build.0 = Debug|Any CPU
		{57AE08E1-A7D3-4F03-B187-48B3F3AC9216}.Release|Any CPU.ActiveCfg = Release|Any CPU
		{57AE08E1-A7D3-4F03-B187-48B3F3AC9216}.Release|Any CPU.Build.0 = Release|Any CPU
		{A7C14E93-A091-421C-AEE6-74D2586BE12F}.Debug|Any CPU.ActiveCfg = Debug|Any CPU
		{A7C14E93-A091-421C-AEE6-74D2586BE12F}.Debug|Any CPU.Build.0 = Debug|Any CPU
		{A7C14E93-A091-421C-AEE6-74D2586BE12F}.Release|Any CPU.ActiveCfg = Release|Any CPU
		{A7C14E93-A091-421C-AEE6-74D2586BE12F}.Release|Any CPU.Build.0 = Release|Any CPU
		{1A5A289E-B683-4A76-9D61-8B026DA8363D}.Debug|Any CPU.ActiveCfg = Debug|Any CPU
		{1A5A289E-B683-4A76-9D61-8B026DA8363D}.Debug|Any CPU.Build.0 = Debug|Any CPU
		{1A5A289E-B683-4A76-9D61-8B026DA8363D}.Release|Any CPU.ActiveCfg = Release|Any CPU
		{1A5A289E-B683-4A76-9D61-8B026DA8363D}.Release|Any CPU.Build.0 = Release|Any CPU
	EndGlobalSection
	GlobalSection(SolutionProperties) = preSolution
		HideSolutionNode = FALSE
	EndGlobalSection
	GlobalSection(ExtensibilityGlobals) = postSolution
		SolutionGuid = {0E997167-242F-43CD-82CD-61EF770AE2C5}
	EndGlobalSection
EndGlobal
